// !$*UTF8*$!
{
	archiveVersion = 1;
	classes = {
	};
	objectVersion = 50;
	objects = {

/* Begin PBXBuildFile section */
		779440C8256505D300F042DB /* AppDelegate.swift in Sources */ = {isa = PBXBuildFile; fileRef = 779440C7256505D300F042DB /* AppDelegate.swift */; };
		779440CA256505D300F042DB /* SceneDelegate.swift in Sources */ = {isa = PBXBuildFile; fileRef = 779440C9256505D300F042DB /* SceneDelegate.swift */; };
		779440CC256505D300F042DB /* ViewController.swift in Sources */ = {isa = PBXBuildFile; fileRef = 779440CB256505D300F042DB /* ViewController.swift */; };
		779440CF256505D300F042DB /* Main.storyboard in Resources */ = {isa = PBXBuildFile; fileRef = 779440CD256505D300F042DB /* Main.storyboard */; };
		779440D1256505D400F042DB /* Assets.xcassets in Resources */ = {isa = PBXBuildFile; fileRef = 779440D0256505D400F042DB /* Assets.xcassets */; };
		779440D4256505D400F042DB /* LaunchScreen.storyboard in Resources */ = {isa = PBXBuildFile; fileRef = 779440D2256505D400F042DB /* LaunchScreen.storyboard */; };
		779440DE2565062E00F042DB /* Stack.swift in Sources */ = {isa = PBXBuildFile; fileRef = 779440DD2565062E00F042DB /* Stack.swift */; };
		779440E22565079500F042DB /* Helpers.swift in Sources */ = {isa = PBXBuildFile; fileRef = 779440E12565079500F042DB /* Helpers.swift */; };
		779440E62566987D00F042DB /* Node.swift in Sources */ = {isa = PBXBuildFile; fileRef = 779440E52566987D00F042DB /* Node.swift */; };
		779440E92566990900F042DB /* LinkedList.swift in Sources */ = {isa = PBXBuildFile; fileRef = 779440E82566990900F042DB /* LinkedList.swift */; };
		779440EC2567609300F042DB /* Queue.swift in Sources */ = {isa = PBXBuildFile; fileRef = 779440EB2567609300F042DB /* Queue.swift */; };
		779440EF2567610100F042DB /* QueueArray.swift in Sources */ = {isa = PBXBuildFile; fileRef = 779440EE2567610100F042DB /* QueueArray.swift */; };
		779440F2256763CF00F042DB /* QueueLinkedList.swift in Sources */ = {isa = PBXBuildFile; fileRef = 779440F1256763CF00F042DB /* QueueLinkedList.swift */; };
		779440F52567653100F042DB /* DoublyLinkedList.swift in Sources */ = {isa = PBXBuildFile; fileRef = 779440F42567653100F042DB /* DoublyLinkedList.swift */; };
		77A14D4B25676D8C0013BC28 /* RingBuffer.swift in Sources */ = {isa = PBXBuildFile; fileRef = 77A14D4A25676D8C0013BC28 /* RingBuffer.swift */; };
		77A14D4E25676F910013BC28 /* QueueRingBuffer.swift in Sources */ = {isa = PBXBuildFile; fileRef = 77A14D4D25676F910013BC28 /* QueueRingBuffer.swift */; };
		77A14D51256770FC0013BC28 /* QueueStack.swift in Sources */ = {isa = PBXBuildFile; fileRef = 77A14D50256770FC0013BC28 /* QueueStack.swift */; };
/* End PBXBuildFile section */

/* Begin PBXFileReference section */
		779440C4256505D300F042DB /* Templet.app */ = {isa = PBXFileReference; explicitFileType = wrapper.application; includeInIndex = 0; path = Templet.app; sourceTree = BUILT_PRODUCTS_DIR; };
		779440C7256505D300F042DB /* AppDelegate.swift */ = {isa = PBXFileReference; lastKnownFileType = sourcecode.swift; path = AppDelegate.swift; sourceTree = "<group>"; };
		779440C9256505D300F042DB /* SceneDelegate.swift */ = {isa = PBXFileReference; lastKnownFileType = sourcecode.swift; path = SceneDelegate.swift; sourceTree = "<group>"; };
		779440CB256505D300F042DB /* ViewController.swift */ = {isa = PBXFileReference; lastKnownFileType = sourcecode.swift; path = ViewController.swift; sourceTree = "<group>"; };
		779440CE256505D300F042DB /* Base */ = {isa = PBXFileReference; lastKnownFileType = file.storyboard; name = Base; path = Base.lproj/Main.storyboard; sourceTree = "<group>"; };
		779440D0256505D400F042DB /* Assets.xcassets */ = {isa = PBXFileReference; lastKnownFileType = folder.assetcatalog; path = Assets.xcassets; sourceTree = "<group>"; };
		779440D3256505D400F042DB /* Base */ = {isa = PBXFileReference; lastKnownFileType = file.storyboard; name = Base; path = Base.lproj/LaunchScreen.storyboard; sourceTree = "<group>"; };
		779440D5256505D400F042DB /* Info.plist */ = {isa = PBXFileReference; lastKnownFileType = text.plist.xml; path = Info.plist; sourceTree = "<group>"; };
		779440DD2565062E00F042DB /* Stack.swift */ = {isa = PBXFileReference; lastKnownFileType = sourcecode.swift; path = Stack.swift; sourceTree = "<group>"; };
		779440E12565079500F042DB /* Helpers.swift */ = {isa = PBXFileReference; fileEncoding = 4; lastKnownFileType = sourcecode.swift; path = Helpers.swift; sourceTree = "<group>"; };
		779440E52566987D00F042DB /* Node.swift */ = {isa = PBXFileReference; lastKnownFileType = sourcecode.swift; path = Node.swift; sourceTree = "<group>"; };
		779440E82566990900F042DB /* LinkedList.swift */ = {isa = PBXFileReference; lastKnownFileType = sourcecode.swift; path = LinkedList.swift; sourceTree = "<group>"; };
		779440EB2567609300F042DB /* Queue.swift */ = {isa = PBXFileReference; lastKnownFileType = sourcecode.swift; path = Queue.swift; sourceTree = "<group>"; };
		779440EE2567610100F042DB /* QueueArray.swift */ = {isa = PBXFileReference; lastKnownFileType = sourcecode.swift; path = QueueArray.swift; sourceTree = "<group>"; };
		779440F1256763CF00F042DB /* QueueLinkedList.swift */ = {isa = PBXFileReference; lastKnownFileType = sourcecode.swift; path = QueueLinkedList.swift; sourceTree = "<group>"; };
		779440F42567653100F042DB /* DoublyLinkedList.swift */ = {isa = PBXFileReference; lastKnownFileType = sourcecode.swift; path = DoublyLinkedList.swift; sourceTree = "<group>"; };
		77A14D4A25676D8C0013BC28 /* RingBuffer.swift */ = {isa = PBXFileReference; lastKnownFileType = sourcecode.swift; path = RingBuffer.swift; sourceTree = "<group>"; };
		77A14D4D25676F910013BC28 /* QueueRingBuffer.swift */ = {isa = PBXFileReference; lastKnownFileType = sourcecode.swift; path = QueueRingBuffer.swift; sourceTree = "<group>"; };
		77A14D50256770FC0013BC28 /* QueueStack.swift */ = {isa = PBXFileReference; lastKnownFileType = sourcecode.swift; path = QueueStack.swift; sourceTree = "<group>"; };
/* End PBXFileReference section */

/* Begin PBXFrameworksBuildPhase section */
		779440C1256505D300F042DB /* Frameworks */ = {
			isa = PBXFrameworksBuildPhase;
			buildActionMask = 2147483647;
			files = (
			);
			runOnlyForDeploymentPostprocessing = 0;
		};
/* End PBXFrameworksBuildPhase section */

/* Begin PBXGroup section */
		779440BB256505D300F042DB = {
			isa = PBXGroup;
			children = (
				779440C6256505D300F042DB /* Templet */,
				779440C5256505D300F042DB /* Products */,
			);
			sourceTree = "<group>";
		};
		779440C5256505D300F042DB /* Products */ = {
			isa = PBXGroup;
			children = (
				779440C4256505D300F042DB /* Templet.app */,
			);
			name = Products;
			sourceTree = "<group>";
		};
		779440C6256505D300F042DB /* Templet */ = {
			isa = PBXGroup;
			children = (
				779440E02565078800F042DB /* Helper */,
				779440DC256505F800F042DB /* DataStructures */,
				779440C7256505D300F042DB /* AppDelegate.swift */,
				779440C9256505D300F042DB /* SceneDelegate.swift */,
				779440CB256505D300F042DB /* ViewController.swift */,
				779440CD256505D300F042DB /* Main.storyboard */,
				779440D0256505D400F042DB /* Assets.xcassets */,
				779440D2256505D400F042DB /* LaunchScreen.storyboard */,
				779440D5256505D400F042DB /* Info.plist */,
			);
			path = Templet;
			sourceTree = "<group>";
		};
		779440DC256505F800F042DB /* DataStructures */ = {
			isa = PBXGroup;
			children = (
				779440F9256765EF00F042DB /* Queue */,
				779440F8256765D000F042DB /* LinkedList */,
				779440F7256765BF00F042DB /* Stack */,
			);
			path = DataStructures;
			sourceTree = "<group>";
		};
		779440E02565078800F042DB /* Helper */ = {
			isa = PBXGroup;
			children = (
				779440E12565079500F042DB /* Helpers.swift */,
			);
			path = Helper;
			sourceTree = "<group>";
		};
		779440F7256765BF00F042DB /* Stack */ = {
			isa = PBXGroup;
			children = (
				779440DD2565062E00F042DB /* Stack.swift */,
			);
			path = Stack;
			sourceTree = "<group>";
		};
		779440F8256765D000F042DB /* LinkedList */ = {
			isa = PBXGroup;
			children = (
				779440E52566987D00F042DB /* Node.swift */,
				779440E82566990900F042DB /* LinkedList.swift */,
				779440F42567653100F042DB /* DoublyLinkedList.swift */,
			);
			path = LinkedList;
			sourceTree = "<group>";
		};
		779440F9256765EF00F042DB /* Queue */ = {
			isa = PBXGroup;
			children = (
				779440EB2567609300F042DB /* Queue.swift */,
				779440EE2567610100F042DB /* QueueArray.swift */,
				779440F1256763CF00F042DB /* QueueLinkedList.swift */,
				77A14D4A25676D8C0013BC28 /* RingBuffer.swift */,
				77A14D4D25676F910013BC28 /* QueueRingBuffer.swift */,
				77A14D50256770FC0013BC28 /* QueueStack.swift */,
			);
			path = Queue;
			sourceTree = "<group>";
		};
/* End PBXGroup section */

/* Begin PBXNativeTarget section */
		779440C3256505D300F042DB /* Templet */ = {
			isa = PBXNativeTarget;
			buildConfigurationList = 779440D8256505D400F042DB /* Build configuration list for PBXNativeTarget "Templet" */;
			buildPhases = (
				779440C0256505D300F042DB /* Sources */,
				779440C1256505D300F042DB /* Frameworks */,
				779440C2256505D300F042DB /* Resources */,
			);
			buildRules = (
			);
			dependencies = (
			);
			name = Templet;
			productName = Templet;
			productReference = 779440C4256505D300F042DB /* Templet.app */;
			productType = "com.apple.product-type.application";
		};
/* End PBXNativeTarget section */

/* Begin PBXProject section */
		779440BC256505D300F042DB /* Project object */ = {
			isa = PBXProject;
			attributes = {
				LastSwiftUpdateCheck = 1220;
				LastUpgradeCheck = 1220;
				TargetAttributes = {
					779440C3256505D300F042DB = {
						CreatedOnToolsVersion = 12.2;
					};
				};
			};
			buildConfigurationList = 779440BF256505D300F042DB /* Build configuration list for PBXProject "Templet" */;
			compatibilityVersion = "Xcode 9.3";
			developmentRegion = en;
			hasScannedForEncodings = 0;
			knownRegions = (
				en,
				Base,
			);
			mainGroup = 779440BB256505D300F042DB;
			productRefGroup = 779440C5256505D300F042DB /* Products */;
			projectDirPath = "";
			projectRoot = "";
			targets = (
				779440C3256505D300F042DB /* Templet */,
			);
		};
/* End PBXProject section */

/* Begin PBXResourcesBuildPhase section */
		779440C2256505D300F042DB /* Resources */ = {
			isa = PBXResourcesBuildPhase;
			buildActionMask = 2147483647;
			files = (
				779440D4256505D400F042DB /* LaunchScreen.storyboard in Resources */,
				779440D1256505D400F042DB /* Assets.xcassets in Resources */,
				779440CF256505D300F042DB /* Main.storyboard in Resources */,
			);
			runOnlyForDeploymentPostprocessing = 0;
		};
/* End PBXResourcesBuildPhase section */

/* Begin PBXSourcesBuildPhase section */
		779440C0256505D300F042DB /* Sources */ = {
			isa = PBXSourcesBuildPhase;
			buildActionMask = 2147483647;
			files = (
				779440DE2565062E00F042DB /* Stack.swift in Sources */,
				779440CC256505D300F042DB /* ViewController.swift in Sources */,
				779440C8256505D300F042DB /* AppDelegate.swift in Sources */,
				779440F52567653100F042DB /* DoublyLinkedList.swift in Sources */,
				77A14D51256770FC0013BC28 /* QueueStack.swift in Sources */,
				779440EF2567610100F042DB /* QueueArray.swift in Sources */,
				77A14D4B25676D8C0013BC28 /* RingBuffer.swift in Sources */,
				77A14D4E25676F910013BC28 /* QueueRingBuffer.swift in Sources */,
				779440EC2567609300F042DB /* Queue.swift in Sources */,
				779440E62566987D00F042DB /* Node.swift in Sources */,
				779440E22565079500F042DB /* Helpers.swift in Sources */,
				779440CA256505D300F042DB /* SceneDelegate.swift in Sources */,
				779440F2256763CF00F042DB /* QueueLinkedList.swift in Sources */,
				779440E92566990900F042DB /* LinkedList.swift in Sources */,
			);
			runOnlyForDeploymentPostprocessing = 0;
		};
/* End PBXSourcesBuildPhase section */

/* Begin PBXVariantGroup section */
		779440CD256505D300F042DB /* Main.storyboard */ = {
			isa = PBXVariantGroup;
			children = (
				779440CE256505D300F042DB /* Base */,
			);
			name = Main.storyboard;
			sourceTree = "<group>";
		};
		779440D2256505D400F042DB /* LaunchScreen.storyboard */ = {
			isa = PBXVariantGroup;
			children = (
				779440D3256505D400F042DB /* Base */,
			);
			name = LaunchScreen.storyboard;
			sourceTree = "<group>";
		};
/* End PBXVariantGroup section */

/* Begin XCBuildConfiguration section */
		779440D6256505D400F042DB /* Debug */ = {
			isa = XCBuildConfiguration;
			buildSettings = {
				ALWAYS_SEARCH_USER_PATHS = NO;
				CLANG_ANALYZER_NONNULL = YES;
				CLANG_ANALYZER_NUMBER_OBJECT_CONVERSION = YES_AGGRESSIVE;
				CLANG_CXX_LANGUAGE_STANDARD = "gnu++14";
				CLANG_CXX_LIBRARY = "libc++";
				CLANG_ENABLE_MODULES = YES;
				CLANG_ENABLE_OBJC_ARC = YES;
				CLANG_ENABLE_OBJC_WEAK = YES;
				CLANG_WARN_BLOCK_CAPTURE_AUTORELEASING = YES;
				CLANG_WARN_BOOL_CONVERSION = YES;
				CLANG_WARN_COMMA = YES;
				CLANG_WARN_CONSTANT_CONVERSION = YES;
				CLANG_WARN_DEPRECATED_OBJC_IMPLEMENTATIONS = YES;
				CLANG_WARN_DIRECT_OBJC_ISA_USAGE = YES_ERROR;
				CLANG_WARN_DOCUMENTATION_COMMENTS = YES;
				CLANG_WARN_EMPTY_BODY = YES;
				CLANG_WARN_ENUM_CONVERSION = YES;
				CLANG_WARN_INFINITE_RECURSION = YES;
				CLANG_WARN_INT_CONVERSION = YES;
				CLANG_WARN_NON_LITERAL_NULL_CONVERSION = YES;
				CLANG_WARN_OBJC_IMPLICIT_RETAIN_SELF = YES;
				CLANG_WARN_OBJC_LITERAL_CONVERSION = YES;
				CLANG_WARN_OBJC_ROOT_CLASS = YES_ERROR;
				CLANG_WARN_QUOTED_INCLUDE_IN_FRAMEWORK_HEADER = YES;
				CLANG_WARN_RANGE_LOOP_ANALYSIS = YES;
				CLANG_WARN_STRICT_PROTOTYPES = YES;
				CLANG_WARN_SUSPICIOUS_MOVE = YES;
				CLANG_WARN_UNGUARDED_AVAILABILITY = YES_AGGRESSIVE;
				CLANG_WARN_UNREACHABLE_CODE = YES;
				CLANG_WARN__DUPLICATE_METHOD_MATCH = YES;
				COPY_PHASE_STRIP = NO;
				DEBUG_INFORMATION_FORMAT = dwarf;
				ENABLE_STRICT_OBJC_MSGSEND = YES;
				ENABLE_TESTABILITY = YES;
				GCC_C_LANGUAGE_STANDARD = gnu11;
				GCC_DYNAMIC_NO_PIC = NO;
				GCC_NO_COMMON_BLOCKS = YES;
				GCC_OPTIMIZATION_LEVEL = 0;
				GCC_PREPROCESSOR_DEFINITIONS = (
					"DEBUG=1",
					"$(inherited)",
				);
				GCC_WARN_64_TO_32_BIT_CONVERSION = YES;
				GCC_WARN_ABOUT_RETURN_TYPE = YES_ERROR;
				GCC_WARN_UNDECLARED_SELECTOR = YES;
				GCC_WARN_UNINITIALIZED_AUTOS = YES_AGGRESSIVE;
				GCC_WARN_UNUSED_FUNCTION = YES;
				GCC_WARN_UNUSED_VARIABLE = YES;
				IPHONEOS_DEPLOYMENT_TARGET = 14.2;
				MTL_ENABLE_DEBUG_INFO = INCLUDE_SOURCE;
				MTL_FAST_MATH = YES;
				ONLY_ACTIVE_ARCH = YES;
				SDKROOT = iphoneos;
				SWIFT_ACTIVE_COMPILATION_CONDITIONS = DEBUG;
				SWIFT_OPTIMIZATION_LEVEL = "-Onone";
			};
			name = Debug;
		};
		779440D7256505D400F042DB /* Release */ = {
			isa = XCBuildConfiguration;
			buildSettings = {
				ALWAYS_SEARCH_USER_PATHS = NO;
				CLANG_ANALYZER_NONNULL = YES;
				CLANG_ANALYZER_NUMBER_OBJECT_CONVERSION = YES_AGGRESSIVE;
				CLANG_CXX_LANGUAGE_STANDARD = "gnu++14";
				CLANG_CXX_LIBRARY = "libc++";
				CLANG_ENABLE_MODULES = YES;
				CLANG_ENABLE_OBJC_ARC = YES;
				CLANG_ENABLE_OBJC_WEAK = YES;
				CLANG_WARN_BLOCK_CAPTURE_AUTORELEASING = YES;
				CLANG_WARN_BOOL_CONVERSION = YES;
				CLANG_WARN_COMMA = YES;
				CLANG_WARN_CONSTANT_CONVERSION = YES;
				CLANG_WARN_DEPRECATED_OBJC_IMPLEMENTATIONS = YES;
				CLANG_WARN_DIRECT_OBJC_ISA_USAGE = YES_ERROR;
				CLANG_WARN_DOCUMENTATION_COMMENTS = YES;
				CLANG_WARN_EMPTY_BODY = YES;
				CLANG_WARN_ENUM_CONVERSION = YES;
				CLANG_WARN_INFINITE_RECURSION = YES;
				CLANG_WARN_INT_CONVERSION = YES;
				CLANG_WARN_NON_LITERAL_NULL_CONVERSION = YES;
				CLANG_WARN_OBJC_IMPLICIT_RETAIN_SELF = YES;
				CLANG_WARN_OBJC_LITERAL_CONVERSION = YES;
				CLANG_WARN_OBJC_ROOT_CLASS = YES_ERROR;
				CLANG_WARN_QUOTED_INCLUDE_IN_FRAMEWORK_HEADER = YES;
				CLANG_WARN_RANGE_LOOP_ANALYSIS = YES;
				CLANG_WARN_STRICT_PROTOTYPES = YES;
				CLANG_WARN_SUSPICIOUS_MOVE = YES;
				CLANG_WARN_UNGUARDED_AVAILABILITY = YES_AGGRESSIVE;
				CLANG_WARN_UNREACHABLE_CODE = YES;
				CLANG_WARN__DUPLICATE_METHOD_MATCH = YES;
				COPY_PHASE_STRIP = NO;
				DEBUG_INFORMATION_FORMAT = "dwarf-with-dsym";
				ENABLE_NS_ASSERTIONS = NO;
				ENABLE_STRICT_OBJC_MSGSEND = YES;
				GCC_C_LANGUAGE_STANDARD = gnu11;
				GCC_NO_COMMON_BLOCKS = YES;
				GCC_WARN_64_TO_32_BIT_CONVERSION = YES;
				GCC_WARN_ABOUT_RETURN_TYPE = YES_ERROR;
				GCC_WARN_UNDECLARED_SELECTOR = YES;
				GCC_WARN_UNINITIALIZED_AUTOS = YES_AGGRESSIVE;
				GCC_WARN_UNUSED_FUNCTION = YES;
				GCC_WARN_UNUSED_VARIABLE = YES;
				IPHONEOS_DEPLOYMENT_TARGET = 14.2;
				MTL_ENABLE_DEBUG_INFO = NO;
				MTL_FAST_MATH = YES;
				SDKROOT = iphoneos;
				SWIFT_COMPILATION_MODE = wholemodule;
				SWIFT_OPTIMIZATION_LEVEL = "-O";
				VALIDATE_PRODUCT = YES;
			};
			name = Release;
		};
		779440D9256505D400F042DB /* Debug */ = {
			isa = XCBuildConfiguration;
			buildSettings = {
				ASSETCATALOG_COMPILER_APPICON_NAME = AppIcon;
				ASSETCATALOG_COMPILER_GLOBAL_ACCENT_COLOR_NAME = AccentColor;
				CODE_SIGN_STYLE = Automatic;
				INFOPLIST_FILE = Templet/Info.plist;
				LD_RUNPATH_SEARCH_PATHS = (
					"$(inherited)",
					"@executable_path/Frameworks",
				);
				PRODUCT_BUNDLE_IDENTIFIER = com.hzjuzhi.templet.Templet;
				PRODUCT_NAME = "$(TARGET_NAME)";
				SWIFT_VERSION = 5.0;
				TARGETED_DEVICE_FAMILY = "1,2";
			};
			name = Debug;
		};
		779440DA256505D400F042DB /* Release */ = {
			isa = XCBuildConfiguration;
			buildSettings = {
				ASSETCATALOG_COMPILER_APPICON_NAME = AppIcon;
				ASSETCATALOG_COMPILER_GLOBAL_ACCENT_COLOR_NAME = AccentColor;
				CODE_SIGN_STYLE = Automatic;
				INFOPLIST_FILE = Templet/Info.plist;
				LD_RUNPATH_SEARCH_PATHS = (
					"$(inherited)",
					"@executable_path/Frameworks",
				);
				PRODUCT_BUNDLE_IDENTIFIER = com.hzjuzhi.templet.Templet;
				PRODUCT_NAME = "$(TARGET_NAME)";
				SWIFT_VERSION = 5.0;
				TARGETED_DEVICE_FAMILY = "1,2";
			};
			name = Release;
		};
/* End XCBuildConfiguration section */

/* Begin XCConfigurationList section */
		779440BF256505D300F042DB /* Build configuration list for PBXProject "Templet" */ = {
			isa = XCConfigurationList;
			buildConfigurations = (
				779440D6256505D400F042DB /* Debug */,
				779440D7256505D400F042DB /* Release */,
			);
			defaultConfigurationIsVisible = 0;
			defaultConfigurationName = Release;
		};
		779440D8256505D400F042DB /* Build configuration list for PBXNativeTarget "Templet" */ = {
			isa = XCConfigurationList;
			buildConfigurations = (
				779440D9256505D400F042DB /* Debug */,
				779440DA256505D400F042DB /* Release */,
			);
			defaultConfigurationIsVisible = 0;
			defaultConfigurationName = Release;
		};
/* End XCConfigurationList section */
	};
	rootObject = 779440BC256505D300F042DB /* Project object */;
}
