// !$*UTF8*$!
{
	archiveVersion = 1;
	classes = {
	};
	objectVersion = 51;
	objects = {

/* Begin PBXBuildFile section */
		77313E4E256DE4FB009C591D /* PriorityQueue.swift in Sources */ = {isa = PBXBuildFile; fileRef = 77313E4D256DE4FB009C591D /* PriorityQueue.swift */; };
		77313E52256DE5CE009C591D /* PriorityQueueTests.swift in Sources */ = {isa = PBXBuildFile; fileRef = 77313E51256DE5CE009C591D /* PriorityQueueTests.swift */; };
		77313ED3256F5BF5009C591D /* BubbleSort.swift in Sources */ = {isa = PBXBuildFile; fileRef = 77313ED2256F5BF5009C591D /* BubbleSort.swift */; };
		77313EDA256F5F57009C591D /* SelectionSort.swift in Sources */ = {isa = PBXBuildFile; fileRef = 77313ED9256F5F57009C591D /* SelectionSort.swift */; };
		77313EDE256F6079009C591D /* InsertionSort.swift in Sources */ = {isa = PBXBuildFile; fileRef = 77313EDD256F6079009C591D /* InsertionSort.swift */; };
		7744369E2803C43800FB6F00 /* PopUpDatePickerView.swift in Sources */ = {isa = PBXBuildFile; fileRef = 7744369D2803C43800FB6F00 /* PopUpDatePickerView.swift */; };
		774759FF256B8D53000B0BC4 /* BinarySearch.swift in Sources */ = {isa = PBXBuildFile; fileRef = 774759FE256B8D53000B0BC4 /* BinarySearch.swift */; };
		77475A06256BD6B9000B0BC4 /* Heap.swift in Sources */ = {isa = PBXBuildFile; fileRef = 77475A05256BD6B9000B0BC4 /* Heap.swift */; };
		77475A12256D2865000B0BC4 /* HeapTests.swift in Sources */ = {isa = PBXBuildFile; fileRef = 77475A11256D2865000B0BC4 /* HeapTests.swift */; };
		776504D02568E50600525BC7 /* BinarySearchTree.swift in Sources */ = {isa = PBXBuildFile; fileRef = 776504CF2568E50600525BC7 /* BinarySearchTree.swift */; };
		776504DE2569FA8800525BC7 /* AVLNode.swift in Sources */ = {isa = PBXBuildFile; fileRef = 776504DD2569FA8800525BC7 /* AVLNode.swift */; };
		776504E22569FA8F00525BC7 /* AVLTree.swift in Sources */ = {isa = PBXBuildFile; fileRef = 776504E12569FA8F00525BC7 /* AVLTree.swift */; };
		776504E6256B57AA00525BC7 /* TrieNode.swift in Sources */ = {isa = PBXBuildFile; fileRef = 776504E5256B57AA00525BC7 /* TrieNode.swift */; };
		776504EA256B594400525BC7 /* Trie.swift in Sources */ = {isa = PBXBuildFile; fileRef = 776504E9256B594400525BC7 /* Trie.swift */; };
		776504EE256B610300525BC7 /* TrieTests.swift in Sources */ = {isa = PBXBuildFile; fileRef = 776504ED256B610300525BC7 /* TrieTests.swift */; };
		7768849426476B7E00347CBB /* UIColor+Extension.swift in Sources */ = {isa = PBXBuildFile; fileRef = 7768849326476B7E00347CBB /* UIColor+Extension.swift */; };
		777753D725996B1700DDA962 /* CoreDataStack.swift in Sources */ = {isa = PBXBuildFile; fileRef = 777753D625996B1700DDA962 /* CoreDataStack.swift */; };
		777754412599C54900DDA962 /* MBProgressHUD+Extension.swift in Sources */ = {isa = PBXBuildFile; fileRef = 777754402599C54900DDA962 /* MBProgressHUD+Extension.swift */; };
		779440C8256505D300F042DB /* AppDelegate.swift in Sources */ = {isa = PBXBuildFile; fileRef = 779440C7256505D300F042DB /* AppDelegate.swift */; };
		779440CA256505D300F042DB /* SceneDelegate.swift in Sources */ = {isa = PBXBuildFile; fileRef = 779440C9256505D300F042DB /* SceneDelegate.swift */; };
		779440CC256505D300F042DB /* ViewController.swift in Sources */ = {isa = PBXBuildFile; fileRef = 779440CB256505D300F042DB /* ViewController.swift */; };
		779440CF256505D300F042DB /* Main.storyboard in Resources */ = {isa = PBXBuildFile; fileRef = 779440CD256505D300F042DB /* Main.storyboard */; };
		779440D1256505D400F042DB /* Assets.xcassets in Resources */ = {isa = PBXBuildFile; fileRef = 779440D0256505D400F042DB /* Assets.xcassets */; };
		779440D4256505D400F042DB /* LaunchScreen.storyboard in Resources */ = {isa = PBXBuildFile; fileRef = 779440D2256505D400F042DB /* LaunchScreen.storyboard */; };
		779440DE2565062E00F042DB /* Stack.swift in Sources */ = {isa = PBXBuildFile; fileRef = 779440DD2565062E00F042DB /* Stack.swift */; };
		779440E22565079500F042DB /* Helpers.swift in Sources */ = {isa = PBXBuildFile; fileRef = 779440E12565079500F042DB /* Helpers.swift */; };
		779440E62566987D00F042DB /* Node.swift in Sources */ = {isa = PBXBuildFile; fileRef = 779440E52566987D00F042DB /* Node.swift */; };
		779440E92566990900F042DB /* LinkedList.swift in Sources */ = {isa = PBXBuildFile; fileRef = 779440E82566990900F042DB /* LinkedList.swift */; };
		779440EC2567609300F042DB /* Queue.swift in Sources */ = {isa = PBXBuildFile; fileRef = 779440EB2567609300F042DB /* Queue.swift */; };
		779440EF2567610100F042DB /* QueueArray.swift in Sources */ = {isa = PBXBuildFile; fileRef = 779440EE2567610100F042DB /* QueueArray.swift */; };
		779440F2256763CF00F042DB /* QueueLinkedList.swift in Sources */ = {isa = PBXBuildFile; fileRef = 779440F1256763CF00F042DB /* QueueLinkedList.swift */; };
		779440F52567653100F042DB /* DoublyLinkedList.swift in Sources */ = {isa = PBXBuildFile; fileRef = 779440F42567653100F042DB /* DoublyLinkedList.swift */; };
		77A14D4B25676D8C0013BC28 /* RingBuffer.swift in Sources */ = {isa = PBXBuildFile; fileRef = 77A14D4A25676D8C0013BC28 /* RingBuffer.swift */; };
		77A14D4E25676F910013BC28 /* QueueRingBuffer.swift in Sources */ = {isa = PBXBuildFile; fileRef = 77A14D4D25676F910013BC28 /* QueueRingBuffer.swift */; };
		77A14D51256770FC0013BC28 /* QueueStack.swift in Sources */ = {isa = PBXBuildFile; fileRef = 77A14D50256770FC0013BC28 /* QueueStack.swift */; };
		77A14D55256793740013BC28 /* TreeNode.swift in Sources */ = {isa = PBXBuildFile; fileRef = 77A14D54256793740013BC28 /* TreeNode.swift */; };
		77A14DD82567990D0013BC28 /* TempletTests.swift in Sources */ = {isa = PBXBuildFile; fileRef = 77A14DD72567990C0013BC28 /* TempletTests.swift */; };
		77A14DE12568AE8A0013BC28 /* BinaryNode.swift in Sources */ = {isa = PBXBuildFile; fileRef = 77A14DE02568AE8A0013BC28 /* BinaryNode.swift */; };
		77C3A6F8265DF1F10007C9DB /* CGFloat+Extension.swift in Sources */ = {isa = PBXBuildFile; fileRef = 77C3A6F7265DF1F10007C9DB /* CGFloat+Extension.swift */; };
		77C3A6FC265DFB100007C9DB /* PropertyWrappers.swift in Sources */ = {isa = PBXBuildFile; fileRef = 77C3A6FB265DFB100007C9DB /* PropertyWrappers.swift */; };
		77E72B8F256FD17B001B2796 /* MergeSort.swift in Sources */ = {isa = PBXBuildFile; fileRef = 77E72B8E256FD17B001B2796 /* MergeSort.swift */; };
		77E72B93256FD41D001B2796 /* MergeSortTests.swift in Sources */ = {isa = PBXBuildFile; fileRef = 77E72B92256FD41D001B2796 /* MergeSortTests.swift */; };
		77E72B9725708419001B2796 /* RadixSort.swift in Sources */ = {isa = PBXBuildFile; fileRef = 77E72B9625708419001B2796 /* RadixSort.swift */; };
		77E72B9B25708DA2001B2796 /* RadixSortTests.swift in Sources */ = {isa = PBXBuildFile; fileRef = 77E72B9A25708DA2001B2796 /* RadixSortTests.swift */; };
		77E919572579BE6E00612041 /* QuickSort.swift in Sources */ = {isa = PBXBuildFile; fileRef = 77E919562579BE6E00612041 /* QuickSort.swift */; };
		77E9195B2579C44D00612041 /* QuickSortTests.swift in Sources */ = {isa = PBXBuildFile; fileRef = 77E9195A2579C44D00612041 /* QuickSortTests.swift */; };
		77E91BD6257F08FA00612041 /* QuickSortLomuto.swift in Sources */ = {isa = PBXBuildFile; fileRef = 77E91BD5257F08FA00612041 /* QuickSortLomuto.swift */; };
		77E91BDA257F091A00612041 /* QuicksortHoare.swift in Sources */ = {isa = PBXBuildFile; fileRef = 77E91BD9257F091A00612041 /* QuicksortHoare.swift */; };
		77E91BDE257F0DF600612041 /* QuicksortMedian.swift in Sources */ = {isa = PBXBuildFile; fileRef = 77E91BDD257F0DF600612041 /* QuicksortMedian.swift */; };
		77E91BE4257F1A2200612041 /* QuicksortDutchFlag.swift in Sources */ = {isa = PBXBuildFile; fileRef = 77E91BE3257F1A2200612041 /* QuicksortDutchFlag.swift */; };
		77E91BE9257F274300612041 /* Graph.swift in Sources */ = {isa = PBXBuildFile; fileRef = 77E91BE8257F274300612041 /* Graph.swift */; };
		77E91BEF257F29BE00612041 /* AdjacencyList.swift in Sources */ = {isa = PBXBuildFile; fileRef = 77E91BEE257F29BE00612041 /* AdjacencyList.swift */; };
		77E91BF3257F2EE500612041 /* GraphTests.swift in Sources */ = {isa = PBXBuildFile; fileRef = 77E91BF2257F2EE500612041 /* GraphTests.swift */; };
		77E91BF7257F305D00612041 /* AdjacencyMatrix.swift in Sources */ = {isa = PBXBuildFile; fileRef = 77E91BF6257F305D00612041 /* AdjacencyMatrix.swift */; };
		77E91BFD257F431F00612041 /* Vertex.swift in Sources */ = {isa = PBXBuildFile; fileRef = 77E91BFC257F431F00612041 /* Vertex.swift */; };
		77E91C01257F433A00612041 /* Edge.swift in Sources */ = {isa = PBXBuildFile; fileRef = 77E91C00257F433A00612041 /* Edge.swift */; };
		77E91C0525806C7000612041 /* BFSTests.swift in Sources */ = {isa = PBXBuildFile; fileRef = 77E91C0425806C7000612041 /* BFSTests.swift */; };
		77F9A42125786F9100486CF9 /* HeapSort.swift in Sources */ = {isa = PBXBuildFile; fileRef = 77F9A42025786F9100486CF9 /* HeapSort.swift */; };
		77F9A425257871C900486CF9 /* HeapSortTests.swift in Sources */ = {isa = PBXBuildFile; fileRef = 77F9A424257871C900486CF9 /* HeapSortTests.swift */; };
		A3FC7FE42993DCE0BEB41522 /* Pods_Templet.framework in Frameworks */ = {isa = PBXBuildFile; fileRef = 48A961625835B051DEE7F813 /* Pods_Templet.framework */; };
/* End PBXBuildFile section */

/* Begin PBXContainerItemProxy section */
		77A14DD0256798FF0013BC28 /* PBXContainerItemProxy */ = {
			isa = PBXContainerItemProxy;
			containerPortal = 779440BC256505D300F042DB /* Project object */;
			proxyType = 1;
			remoteGlobalIDString = 779440C3256505D300F042DB;
			remoteInfo = Templet;
		};
/* End PBXContainerItemProxy section */

/* Begin PBXFileReference section */
		48A961625835B051DEE7F813 /* Pods_Templet.framework */ = {isa = PBXFileReference; explicitFileType = wrapper.framework; includeInIndex = 0; path = Pods_Templet.framework; sourceTree = BUILT_PRODUCTS_DIR; };
		5475D19D02A98D4069E43B1C /* Pods-Templet.release.xcconfig */ = {isa = PBXFileReference; includeInIndex = 1; lastKnownFileType = text.xcconfig; name = "Pods-Templet.release.xcconfig"; path = "Target Support Files/Pods-Templet/Pods-Templet.release.xcconfig"; sourceTree = "<group>"; };
		77313E4D256DE4FB009C591D /* PriorityQueue.swift */ = {isa = PBXFileReference; lastKnownFileType = sourcecode.swift; path = PriorityQueue.swift; sourceTree = "<group>"; };
		77313E51256DE5CE009C591D /* PriorityQueueTests.swift */ = {isa = PBXFileReference; lastKnownFileType = sourcecode.swift; path = PriorityQueueTests.swift; sourceTree = "<group>"; };
		77313ED2256F5BF5009C591D /* BubbleSort.swift */ = {isa = PBXFileReference; lastKnownFileType = sourcecode.swift; path = BubbleSort.swift; sourceTree = "<group>"; };
		77313ED9256F5F57009C591D /* SelectionSort.swift */ = {isa = PBXFileReference; lastKnownFileType = sourcecode.swift; path = SelectionSort.swift; sourceTree = "<group>"; };
		77313EDD256F6079009C591D /* InsertionSort.swift */ = {isa = PBXFileReference; lastKnownFileType = sourcecode.swift; path = InsertionSort.swift; sourceTree = "<group>"; };
		7744369D2803C43800FB6F00 /* PopUpDatePickerView.swift */ = {isa = PBXFileReference; fileEncoding = 4; lastKnownFileType = sourcecode.swift; path = PopUpDatePickerView.swift; sourceTree = "<group>"; };
		774759FE256B8D53000B0BC4 /* BinarySearch.swift */ = {isa = PBXFileReference; lastKnownFileType = sourcecode.swift; path = BinarySearch.swift; sourceTree = "<group>"; };
		77475A05256BD6B9000B0BC4 /* Heap.swift */ = {isa = PBXFileReference; lastKnownFileType = sourcecode.swift; path = Heap.swift; sourceTree = "<group>"; };
		77475A11256D2865000B0BC4 /* HeapTests.swift */ = {isa = PBXFileReference; lastKnownFileType = sourcecode.swift; path = HeapTests.swift; sourceTree = "<group>"; };
		776504CF2568E50600525BC7 /* BinarySearchTree.swift */ = {isa = PBXFileReference; lastKnownFileType = sourcecode.swift; path = BinarySearchTree.swift; sourceTree = "<group>"; };
		776504DD2569FA8800525BC7 /* AVLNode.swift */ = {isa = PBXFileReference; lastKnownFileType = sourcecode.swift; path = AVLNode.swift; sourceTree = "<group>"; };
		776504E12569FA8F00525BC7 /* AVLTree.swift */ = {isa = PBXFileReference; lastKnownFileType = sourcecode.swift; path = AVLTree.swift; sourceTree = "<group>"; };
		776504E5256B57AA00525BC7 /* TrieNode.swift */ = {isa = PBXFileReference; lastKnownFileType = sourcecode.swift; path = TrieNode.swift; sourceTree = "<group>"; };
		776504E9256B594400525BC7 /* Trie.swift */ = {isa = PBXFileReference; lastKnownFileType = sourcecode.swift; path = Trie.swift; sourceTree = "<group>"; };
		776504ED256B610300525BC7 /* TrieTests.swift */ = {isa = PBXFileReference; lastKnownFileType = sourcecode.swift; path = TrieTests.swift; sourceTree = "<group>"; };
		7768849326476B7E00347CBB /* UIColor+Extension.swift */ = {isa = PBXFileReference; fileEncoding = 4; lastKnownFileType = sourcecode.swift; path = "UIColor+Extension.swift"; sourceTree = "<group>"; };
		777753D625996B1700DDA962 /* CoreDataStack.swift */ = {isa = PBXFileReference; fileEncoding = 4; lastKnownFileType = sourcecode.swift; path = CoreDataStack.swift; sourceTree = "<group>"; };
		777754402599C54900DDA962 /* MBProgressHUD+Extension.swift */ = {isa = PBXFileReference; fileEncoding = 4; lastKnownFileType = sourcecode.swift; path = "MBProgressHUD+Extension.swift"; sourceTree = "<group>"; };
		779440C4256505D300F042DB /* Templet.app */ = {isa = PBXFileReference; explicitFileType = wrapper.application; includeInIndex = 0; path = Templet.app; sourceTree = BUILT_PRODUCTS_DIR; };
		779440C7256505D300F042DB /* AppDelegate.swift */ = {isa = PBXFileReference; lastKnownFileType = sourcecode.swift; path = AppDelegate.swift; sourceTree = "<group>"; };
		779440C9256505D300F042DB /* SceneDelegate.swift */ = {isa = PBXFileReference; lastKnownFileType = sourcecode.swift; path = SceneDelegate.swift; sourceTree = "<group>"; };
		779440CB256505D300F042DB /* ViewController.swift */ = {isa = PBXFileReference; lastKnownFileType = sourcecode.swift; path = ViewController.swift; sourceTree = "<group>"; };
		779440CE256505D300F042DB /* Base */ = {isa = PBXFileReference; lastKnownFileType = file.storyboard; name = Base; path = Base.lproj/Main.storyboard; sourceTree = "<group>"; };
		779440D0256505D400F042DB /* Assets.xcassets */ = {isa = PBXFileReference; lastKnownFileType = folder.assetcatalog; path = Assets.xcassets; sourceTree = "<group>"; };
		779440D3256505D400F042DB /* Base */ = {isa = PBXFileReference; lastKnownFileType = file.storyboard; name = Base; path = Base.lproj/LaunchScreen.storyboard; sourceTree = "<group>"; };
		779440D5256505D400F042DB /* Info.plist */ = {isa = PBXFileReference; lastKnownFileType = text.plist.xml; path = Info.plist; sourceTree = "<group>"; };
		779440DD2565062E00F042DB /* Stack.swift */ = {isa = PBXFileReference; lastKnownFileType = sourcecode.swift; path = Stack.swift; sourceTree = "<group>"; };
		779440E12565079500F042DB /* Helpers.swift */ = {isa = PBXFileReference; fileEncoding = 4; lastKnownFileType = sourcecode.swift; path = Helpers.swift; sourceTree = "<group>"; };
		779440E52566987D00F042DB /* Node.swift */ = {isa = PBXFileReference; lastKnownFileType = sourcecode.swift; path = Node.swift; sourceTree = "<group>"; };
		779440E82566990900F042DB /* LinkedList.swift */ = {isa = PBXFileReference; lastKnownFileType = sourcecode.swift; path = LinkedList.swift; sourceTree = "<group>"; };
		779440EB2567609300F042DB /* Queue.swift */ = {isa = PBXFileReference; lastKnownFileType = sourcecode.swift; path = Queue.swift; sourceTree = "<group>"; };
		779440EE2567610100F042DB /* QueueArray.swift */ = {isa = PBXFileReference; lastKnownFileType = sourcecode.swift; path = QueueArray.swift; sourceTree = "<group>"; };
		779440F1256763CF00F042DB /* QueueLinkedList.swift */ = {isa = PBXFileReference; lastKnownFileType = sourcecode.swift; path = QueueLinkedList.swift; sourceTree = "<group>"; };
		779440F42567653100F042DB /* DoublyLinkedList.swift */ = {isa = PBXFileReference; lastKnownFileType = sourcecode.swift; path = DoublyLinkedList.swift; sourceTree = "<group>"; };
		77A14D4A25676D8C0013BC28 /* RingBuffer.swift */ = {isa = PBXFileReference; lastKnownFileType = sourcecode.swift; path = RingBuffer.swift; sourceTree = "<group>"; };
		77A14D4D25676F910013BC28 /* QueueRingBuffer.swift */ = {isa = PBXFileReference; lastKnownFileType = sourcecode.swift; path = QueueRingBuffer.swift; sourceTree = "<group>"; };
		77A14D50256770FC0013BC28 /* QueueStack.swift */ = {isa = PBXFileReference; lastKnownFileType = sourcecode.swift; path = QueueStack.swift; sourceTree = "<group>"; };
		77A14D54256793740013BC28 /* TreeNode.swift */ = {isa = PBXFileReference; lastKnownFileType = sourcecode.swift; path = TreeNode.swift; sourceTree = "<group>"; };
		77A14DCB256798FF0013BC28 /* TempletTests.xctest */ = {isa = PBXFileReference; explicitFileType = wrapper.cfbundle; includeInIndex = 0; path = TempletTests.xctest; sourceTree = BUILT_PRODUCTS_DIR; };
		77A14DD72567990C0013BC28 /* TempletTests.swift */ = {isa = PBXFileReference; fileEncoding = 4; lastKnownFileType = sourcecode.swift; path = TempletTests.swift; sourceTree = "<group>"; };
		77A14DDD256799160013BC28 /* Info.plist */ = {isa = PBXFileReference; lastKnownFileType = text.plist.xml; path = Info.plist; sourceTree = "<group>"; };
		77A14DE02568AE8A0013BC28 /* BinaryNode.swift */ = {isa = PBXFileReference; lastKnownFileType = sourcecode.swift; path = BinaryNode.swift; sourceTree = "<group>"; };
		77C3A6F7265DF1F10007C9DB /* CGFloat+Extension.swift */ = {isa = PBXFileReference; lastKnownFileType = sourcecode.swift; path = "CGFloat+Extension.swift"; sourceTree = "<group>"; };
		77C3A6FB265DFB100007C9DB /* PropertyWrappers.swift */ = {isa = PBXFileReference; fileEncoding = 4; lastKnownFileType = sourcecode.swift; path = PropertyWrappers.swift; sourceTree = "<group>"; };
		77E72B8E256FD17B001B2796 /* MergeSort.swift */ = {isa = PBXFileReference; lastKnownFileType = sourcecode.swift; path = MergeSort.swift; sourceTree = "<group>"; };
		77E72B92256FD41D001B2796 /* MergeSortTests.swift */ = {isa = PBXFileReference; lastKnownFileType = sourcecode.swift; path = MergeSortTests.swift; sourceTree = "<group>"; };
		77E72B9625708419001B2796 /* RadixSort.swift */ = {isa = PBXFileReference; lastKnownFileType = sourcecode.swift; path = RadixSort.swift; sourceTree = "<group>"; };
		77E72B9A25708DA2001B2796 /* RadixSortTests.swift */ = {isa = PBXFileReference; lastKnownFileType = sourcecode.swift; path = RadixSortTests.swift; sourceTree = "<group>"; };
		77E919562579BE6E00612041 /* QuickSort.swift */ = {isa = PBXFileReference; lastKnownFileType = sourcecode.swift; path = QuickSort.swift; sourceTree = "<group>"; };
		77E9195A2579C44D00612041 /* QuickSortTests.swift */ = {isa = PBXFileReference; lastKnownFileType = sourcecode.swift; path = QuickSortTests.swift; sourceTree = "<group>"; };
		77E91BD5257F08FA00612041 /* QuickSortLomuto.swift */ = {isa = PBXFileReference; lastKnownFileType = sourcecode.swift; path = QuickSortLomuto.swift; sourceTree = "<group>"; };
		77E91BD9257F091A00612041 /* QuicksortHoare.swift */ = {isa = PBXFileReference; lastKnownFileType = sourcecode.swift; path = QuicksortHoare.swift; sourceTree = "<group>"; };
		77E91BDD257F0DF600612041 /* QuicksortMedian.swift */ = {isa = PBXFileReference; lastKnownFileType = sourcecode.swift; path = QuicksortMedian.swift; sourceTree = "<group>"; };
		77E91BE3257F1A2200612041 /* QuicksortDutchFlag.swift */ = {isa = PBXFileReference; lastKnownFileType = sourcecode.swift; path = QuicksortDutchFlag.swift; sourceTree = "<group>"; };
		77E91BE8257F274300612041 /* Graph.swift */ = {isa = PBXFileReference; lastKnownFileType = sourcecode.swift; path = Graph.swift; sourceTree = "<group>"; };
		77E91BEE257F29BE00612041 /* AdjacencyList.swift */ = {isa = PBXFileReference; lastKnownFileType = sourcecode.swift; path = AdjacencyList.swift; sourceTree = "<group>"; };
		77E91BF2257F2EE500612041 /* GraphTests.swift */ = {isa = PBXFileReference; lastKnownFileType = sourcecode.swift; path = GraphTests.swift; sourceTree = "<group>"; };
		77E91BF6257F305D00612041 /* AdjacencyMatrix.swift */ = {isa = PBXFileReference; lastKnownFileType = sourcecode.swift; path = AdjacencyMatrix.swift; sourceTree = "<group>"; };
		77E91BFC257F431F00612041 /* Vertex.swift */ = {isa = PBXFileReference; lastKnownFileType = sourcecode.swift; path = Vertex.swift; sourceTree = "<group>"; };
		77E91C00257F433A00612041 /* Edge.swift */ = {isa = PBXFileReference; lastKnownFileType = sourcecode.swift; path = Edge.swift; sourceTree = "<group>"; };
		77E91C0425806C7000612041 /* BFSTests.swift */ = {isa = PBXFileReference; lastKnownFileType = sourcecode.swift; path = BFSTests.swift; sourceTree = "<group>"; };
		77F9A42025786F9100486CF9 /* HeapSort.swift */ = {isa = PBXFileReference; lastKnownFileType = sourcecode.swift; path = HeapSort.swift; sourceTree = "<group>"; };
		77F9A424257871C900486CF9 /* HeapSortTests.swift */ = {isa = PBXFileReference; lastKnownFileType = sourcecode.swift; path = HeapSortTests.swift; sourceTree = "<group>"; };
		D44C7EF8961DE003AD45CEB6 /* Pods-Templet.debug.xcconfig */ = {isa = PBXFileReference; includeInIndex = 1; lastKnownFileType = text.xcconfig; name = "Pods-Templet.debug.xcconfig"; path = "Target Support Files/Pods-Templet/Pods-Templet.debug.xcconfig"; sourceTree = "<group>"; };
/* End PBXFileReference section */

/* Begin PBXFrameworksBuildPhase section */
		779440C1256505D300F042DB /* Frameworks */ = {
			isa = PBXFrameworksBuildPhase;
			buildActionMask = 2147483647;
			files = (
				A3FC7FE42993DCE0BEB41522 /* Pods_Templet.framework in Frameworks */,
			);
			runOnlyForDeploymentPostprocessing = 0;
		};
		77A14DC8256798FF0013BC28 /* Frameworks */ = {
			isa = PBXFrameworksBuildPhase;
			buildActionMask = 2147483647;
			files = (
			);
			runOnlyForDeploymentPostprocessing = 0;
		};
/* End PBXFrameworksBuildPhase section */

/* Begin PBXGroup section */
		17B5B7196040750DC11081EF /* Pods */ = {
			isa = PBXGroup;
			children = (
				D44C7EF8961DE003AD45CEB6 /* Pods-Templet.debug.xcconfig */,
				5475D19D02A98D4069E43B1C /* Pods-Templet.release.xcconfig */,
			);
			path = Pods;
			sourceTree = "<group>";
		};
		46DFE95C063471007C8BDE6E /* Frameworks */ = {
			isa = PBXGroup;
			children = (
				48A961625835B051DEE7F813 /* Pods_Templet.framework */,
			);
			name = Frameworks;
			sourceTree = "<group>";
		};
		77313ED6256F5BFB009C591D /* Sort */ = {
			isa = PBXGroup;
			children = (
				77313ED2256F5BF5009C591D /* BubbleSort.swift */,
				77313ED9256F5F57009C591D /* SelectionSort.swift */,
				77313EDD256F6079009C591D /* InsertionSort.swift */,
				77E72B8E256FD17B001B2796 /* MergeSort.swift */,
				77E72B9625708419001B2796 /* RadixSort.swift */,
				77F9A42025786F9100486CF9 /* HeapSort.swift */,
				77E919562579BE6E00612041 /* QuickSort.swift */,
				77E91BD5257F08FA00612041 /* QuickSortLomuto.swift */,
				77E91BD9257F091A00612041 /* QuicksortHoare.swift */,
				77E91BDD257F0DF600612041 /* QuicksortMedian.swift */,
				77E91BE3257F1A2200612041 /* QuicksortDutchFlag.swift */,
			);
			path = Sort;
			sourceTree = "<group>";
		};
		7744369C2803C41F00FB6F00 /* View */ = {
			isa = PBXGroup;
			children = (
				7744369D2803C43800FB6F00 /* PopUpDatePickerView.swift */,
			);
			path = View;
			sourceTree = "<group>";
		};
		774759FD256B8D3A000B0BC4 /* BinarySearch */ = {
			isa = PBXGroup;
			children = (
				774759FE256B8D53000B0BC4 /* BinarySearch.swift */,
			);
			path = BinarySearch;
			sourceTree = "<group>";
		};
		77475A04256BD6A6000B0BC4 /* Heap */ = {
			isa = PBXGroup;
			children = (
				77475A05256BD6B9000B0BC4 /* Heap.swift */,
			);
			path = Heap;
			sourceTree = "<group>";
		};
		7768849226476B7200347CBB /* Extension */ = {
			isa = PBXGroup;
			children = (
				7768849326476B7E00347CBB /* UIColor+Extension.swift */,
				77C3A6F7265DF1F10007C9DB /* CGFloat+Extension.swift */,
			);
			path = Extension;
			sourceTree = "<group>";
		};
		777753D525996A9500DDA962 /* CoreData */ = {
			isa = PBXGroup;
			children = (
				777753D625996B1700DDA962 /* CoreDataStack.swift */,
			);
			path = CoreData;
			sourceTree = "<group>";
		};
		7777543A2599C4BB00DDA962 /* HUD */ = {
			isa = PBXGroup;
			children = (
				777754402599C54900DDA962 /* MBProgressHUD+Extension.swift */,
			);
			path = HUD;
			sourceTree = "<group>";
		};
		779440BB256505D300F042DB = {
			isa = PBXGroup;
			children = (
				779440C6256505D300F042DB /* Templet */,
				77A14DCC256798FF0013BC28 /* TempletTests */,
				779440C5256505D300F042DB /* Products */,
				17B5B7196040750DC11081EF /* Pods */,
				46DFE95C063471007C8BDE6E /* Frameworks */,
			);
			sourceTree = "<group>";
		};
		779440C5256505D300F042DB /* Products */ = {
			isa = PBXGroup;
			children = (
				779440C4256505D300F042DB /* Templet.app */,
				77A14DCB256798FF0013BC28 /* TempletTests.xctest */,
			);
			name = Products;
			sourceTree = "<group>";
		};
		779440C6256505D300F042DB /* Templet */ = {
			isa = PBXGroup;
			children = (
				7744369C2803C41F00FB6F00 /* View */,
				77C3A6FD265DFB170007C9DB /* PropertyWrappers */,
				7768849226476B7200347CBB /* Extension */,
				7777543A2599C4BB00DDA962 /* HUD */,
				777753D525996A9500DDA962 /* CoreData */,
				779440E02565078800F042DB /* Helper */,
				779440DC256505F800F042DB /* DataStructures */,
				779440C7256505D300F042DB /* AppDelegate.swift */,
				779440C9256505D300F042DB /* SceneDelegate.swift */,
				779440CB256505D300F042DB /* ViewController.swift */,
				779440CD256505D300F042DB /* Main.storyboard */,
				779440D0256505D400F042DB /* Assets.xcassets */,
				779440D2256505D400F042DB /* LaunchScreen.storyboard */,
				779440D5256505D400F042DB /* Info.plist */,
			);
			path = Templet;
			sourceTree = "<group>";
		};
		779440DC256505F800F042DB /* DataStructures */ = {
			isa = PBXGroup;
			children = (
				77E91BE7257F1EAE00612041 /* Graphs */,
				77313ED6256F5BFB009C591D /* Sort */,
				77475A04256BD6A6000B0BC4 /* Heap */,
				774759FD256B8D3A000B0BC4 /* BinarySearch */,
				77A14D532567936C0013BC28 /* Tree */,
				779440F9256765EF00F042DB /* Queue */,
				779440F8256765D000F042DB /* LinkedList */,
				779440F7256765BF00F042DB /* Stack */,
			);
			path = DataStructures;
			sourceTree = "<group>";
		};
		779440E02565078800F042DB /* Helper */ = {
			isa = PBXGroup;
			children = (
				779440E12565079500F042DB /* Helpers.swift */,
			);
			path = Helper;
			sourceTree = "<group>";
		};
		779440F7256765BF00F042DB /* Stack */ = {
			isa = PBXGroup;
			children = (
				779440DD2565062E00F042DB /* Stack.swift */,
			);
			path = Stack;
			sourceTree = "<group>";
		};
		779440F8256765D000F042DB /* LinkedList */ = {
			isa = PBXGroup;
			children = (
				779440E52566987D00F042DB /* Node.swift */,
				779440E82566990900F042DB /* LinkedList.swift */,
				779440F42567653100F042DB /* DoublyLinkedList.swift */,
			);
			path = LinkedList;
			sourceTree = "<group>";
		};
		779440F9256765EF00F042DB /* Queue */ = {
			isa = PBXGroup;
			children = (
				779440EB2567609300F042DB /* Queue.swift */,
				779440EE2567610100F042DB /* QueueArray.swift */,
				779440F1256763CF00F042DB /* QueueLinkedList.swift */,
				77A14D4A25676D8C0013BC28 /* RingBuffer.swift */,
				77A14D4D25676F910013BC28 /* QueueRingBuffer.swift */,
				77A14D50256770FC0013BC28 /* QueueStack.swift */,
				77313E4D256DE4FB009C591D /* PriorityQueue.swift */,
			);
			path = Queue;
			sourceTree = "<group>";
		};
		77A14D532567936C0013BC28 /* Tree */ = {
			isa = PBXGroup;
			children = (
				77A14D54256793740013BC28 /* TreeNode.swift */,
				77A14DE02568AE8A0013BC28 /* BinaryNode.swift */,
				776504CF2568E50600525BC7 /* BinarySearchTree.swift */,
				776504DD2569FA8800525BC7 /* AVLNode.swift */,
				776504E12569FA8F00525BC7 /* AVLTree.swift */,
				776504E5256B57AA00525BC7 /* TrieNode.swift */,
				776504E9256B594400525BC7 /* Trie.swift */,
			);
			path = Tree;
			sourceTree = "<group>";
		};
		77A14DCC256798FF0013BC28 /* TempletTests */ = {
			isa = PBXGroup;
			children = (
				77A14DDD256799160013BC28 /* Info.plist */,
				77A14DD72567990C0013BC28 /* TempletTests.swift */,
				776504ED256B610300525BC7 /* TrieTests.swift */,
				77475A11256D2865000B0BC4 /* HeapTests.swift */,
				77313E51256DE5CE009C591D /* PriorityQueueTests.swift */,
				77E72B92256FD41D001B2796 /* MergeSortTests.swift */,
				77E72B9A25708DA2001B2796 /* RadixSortTests.swift */,
				77F9A424257871C900486CF9 /* HeapSortTests.swift */,
				77E9195A2579C44D00612041 /* QuickSortTests.swift */,
				77E91BF2257F2EE500612041 /* GraphTests.swift */,
				77E91C0425806C7000612041 /* BFSTests.swift */,
			);
			path = TempletTests;
			sourceTree = "<group>";
		};
		77C3A6FD265DFB170007C9DB /* PropertyWrappers */ = {
			isa = PBXGroup;
			children = (
				77C3A6FB265DFB100007C9DB /* PropertyWrappers.swift */,
			);
			path = PropertyWrappers;
			sourceTree = "<group>";
		};
		77E91BE7257F1EAE00612041 /* Graphs */ = {
			isa = PBXGroup;
			children = (
				77E91BE8257F274300612041 /* Graph.swift */,
				77E91BEE257F29BE00612041 /* AdjacencyList.swift */,
				77E91BF6257F305D00612041 /* AdjacencyMatrix.swift */,
				77E91BFC257F431F00612041 /* Vertex.swift */,
				77E91C00257F433A00612041 /* Edge.swift */,
			);
			path = Graphs;
			sourceTree = "<group>";
		};
/* End PBXGroup section */

/* Begin PBXNativeTarget section */
		779440C3256505D300F042DB /* Templet */ = {
			isa = PBXNativeTarget;
			buildConfigurationList = 779440D8256505D400F042DB /* Build configuration list for PBXNativeTarget "Templet" */;
			buildPhases = (
				C7F305D5A3433C84C663C71F /* [CP] Check Pods Manifest.lock */,
				779440C0256505D300F042DB /* Sources */,
				779440C1256505D300F042DB /* Frameworks */,
				779440C2256505D300F042DB /* Resources */,
				C5287B399EF9BA3BD290FD65 /* [CP] Embed Pods Frameworks */,
			);
			buildRules = (
			);
			dependencies = (
			);
			name = Templet;
			packageProductDependencies = (
			);
			productName = Templet;
			productReference = 779440C4256505D300F042DB /* Templet.app */;
			productType = "com.apple.product-type.application";
		};
		77A14DCA256798FF0013BC28 /* TempletTests */ = {
			isa = PBXNativeTarget;
			buildConfigurationList = 77A14DD2256798FF0013BC28 /* Build configuration list for PBXNativeTarget "TempletTests" */;
			buildPhases = (
				77A14DC7256798FF0013BC28 /* Sources */,
				77A14DC8256798FF0013BC28 /* Frameworks */,
				77A14DC9256798FF0013BC28 /* Resources */,
			);
			buildRules = (
			);
			dependencies = (
				77A14DD1256798FF0013BC28 /* PBXTargetDependency */,
			);
			name = TempletTests;
			productName = TempletTests;
			productReference = 77A14DCB256798FF0013BC28 /* TempletTests.xctest */;
			productType = "com.apple.product-type.bundle.unit-test";
		};
/* End PBXNativeTarget section */

/* Begin PBXProject section */
		779440BC256505D300F042DB /* Project object */ = {
			isa = PBXProject;
			attributes = {
				LastSwiftUpdateCheck = 1220;
				LastUpgradeCheck = 1220;
				TargetAttributes = {
					779440C3256505D300F042DB = {
						CreatedOnToolsVersion = 12.2;
					};
					77A14DCA256798FF0013BC28 = {
						CreatedOnToolsVersion = 12.2;
						TestTargetID = 779440C3256505D300F042DB;
					};
				};
			};
			buildConfigurationList = 779440BF256505D300F042DB /* Build configuration list for PBXProject "Templet" */;
			compatibilityVersion = "Xcode 9.3";
			developmentRegion = en;
			hasScannedForEncodings = 0;
			knownRegions = (
				en,
				Base,
			);
			mainGroup = 779440BB256505D300F042DB;
			packageReferences = (
			);
			productRefGroup = 779440C5256505D300F042DB /* Products */;
			projectDirPath = "";
			projectRoot = "";
			targets = (
				779440C3256505D300F042DB /* Templet */,
				77A14DCA256798FF0013BC28 /* TempletTests */,
			);
		};
/* End PBXProject section */

/* Begin PBXResourcesBuildPhase section */
		779440C2256505D300F042DB /* Resources */ = {
			isa = PBXResourcesBuildPhase;
			buildActionMask = 2147483647;
			files = (
				779440D4256505D400F042DB /* LaunchScreen.storyboard in Resources */,
				779440D1256505D400F042DB /* Assets.xcassets in Resources */,
				779440CF256505D300F042DB /* Main.storyboard in Resources */,
			);
			runOnlyForDeploymentPostprocessing = 0;
		};
		77A14DC9256798FF0013BC28 /* Resources */ = {
			isa = PBXResourcesBuildPhase;
			buildActionMask = 2147483647;
			files = (
			);
			runOnlyForDeploymentPostprocessing = 0;
		};
/* End PBXResourcesBuildPhase section */

/* Begin PBXShellScriptBuildPhase section */
		C5287B399EF9BA3BD290FD65 /* [CP] Embed Pods Frameworks */ = {
			isa = PBXShellScriptBuildPhase;
			buildActionMask = 2147483647;
			files = (
			);
			inputFileListPaths = (
				"${PODS_ROOT}/Target Support Files/Pods-Templet/Pods-Templet-frameworks-${CONFIGURATION}-input-files.xcfilelist",
			);
			name = "[CP] Embed Pods Frameworks";
			outputFileListPaths = (
				"${PODS_ROOT}/Target Support Files/Pods-Templet/Pods-Templet-frameworks-${CONFIGURATION}-output-files.xcfilelist",
			);
			runOnlyForDeploymentPostprocessing = 0;
			shellPath = /bin/sh;
			shellScript = "\"${PODS_ROOT}/Target Support Files/Pods-Templet/Pods-Templet-frameworks.sh\"\n";
			showEnvVarsInLog = 0;
		};
		C7F305D5A3433C84C663C71F /* [CP] Check Pods Manifest.lock */ = {
			isa = PBXShellScriptBuildPhase;
			buildActionMask = 2147483647;
			files = (
			);
			inputFileListPaths = (
			);
			inputPaths = (
				"${PODS_PODFILE_DIR_PATH}/Podfile.lock",
				"${PODS_ROOT}/Manifest.lock",
			);
			name = "[CP] Check Pods Manifest.lock";
			outputFileListPaths = (
			);
			outputPaths = (
				"$(DERIVED_FILE_DIR)/Pods-Templet-checkManifestLockResult.txt",
			);
			runOnlyForDeploymentPostprocessing = 0;
			shellPath = /bin/sh;
			shellScript = "diff \"${PODS_PODFILE_DIR_PATH}/Podfile.lock\" \"${PODS_ROOT}/Manifest.lock\" > /dev/null\nif [ $? != 0 ] ; then\n    # print error to STDERR\n    echo \"error: The sandbox is not in sync with the Podfile.lock. Run 'pod install' or update your CocoaPods installation.\" >&2\n    exit 1\nfi\n# This output is used by Xcode 'outputs' to avoid re-running this script phase.\necho \"SUCCESS\" > \"${SCRIPT_OUTPUT_FILE_0}\"\n";
			showEnvVarsInLog = 0;
		};
/* End PBXShellScriptBuildPhase section */

/* Begin PBXSourcesBuildPhase section */
		779440C0256505D300F042DB /* Sources */ = {
			isa = PBXSourcesBuildPhase;
			buildActionMask = 2147483647;
			files = (
				77E91BDE257F0DF600612041 /* QuicksortMedian.swift in Sources */,
				779440DE2565062E00F042DB /* Stack.swift in Sources */,
				776504D02568E50600525BC7 /* BinarySearchTree.swift in Sources */,
				77313EDA256F5F57009C591D /* SelectionSort.swift in Sources */,
				77E91BF7257F305D00612041 /* AdjacencyMatrix.swift in Sources */,
				77313ED3256F5BF5009C591D /* BubbleSort.swift in Sources */,
				77C3A6F8265DF1F10007C9DB /* CGFloat+Extension.swift in Sources */,
				779440CC256505D300F042DB /* ViewController.swift in Sources */,
				776504EA256B594400525BC7 /* Trie.swift in Sources */,
				776504DE2569FA8800525BC7 /* AVLNode.swift in Sources */,
				77E91BE4257F1A2200612041 /* QuicksortDutchFlag.swift in Sources */,
				77313E4E256DE4FB009C591D /* PriorityQueue.swift in Sources */,
				779440C8256505D300F042DB /* AppDelegate.swift in Sources */,
				779440F52567653100F042DB /* DoublyLinkedList.swift in Sources */,
				77A14D51256770FC0013BC28 /* QueueStack.swift in Sources */,
				776504E6256B57AA00525BC7 /* TrieNode.swift in Sources */,
				77E919572579BE6E00612041 /* QuickSort.swift in Sources */,
				7768849426476B7E00347CBB /* UIColor+Extension.swift in Sources */,
				777753D725996B1700DDA962 /* CoreDataStack.swift in Sources */,
				77E72B9725708419001B2796 /* RadixSort.swift in Sources */,
				77E91BEF257F29BE00612041 /* AdjacencyList.swift in Sources */,
				77E91C01257F433A00612041 /* Edge.swift in Sources */,
				779440EF2567610100F042DB /* QueueArray.swift in Sources */,
				77475A06256BD6B9000B0BC4 /* Heap.swift in Sources */,
				77E91BFD257F431F00612041 /* Vertex.swift in Sources */,
				777754412599C54900DDA962 /* MBProgressHUD+Extension.swift in Sources */,
				77A14DE12568AE8A0013BC28 /* BinaryNode.swift in Sources */,
				77A14D4B25676D8C0013BC28 /* RingBuffer.swift in Sources */,
				77A14D4E25676F910013BC28 /* QueueRingBuffer.swift in Sources */,
				77A14D55256793740013BC28 /* TreeNode.swift in Sources */,
				77F9A42125786F9100486CF9 /* HeapSort.swift in Sources */,
				77E91BD6257F08FA00612041 /* QuickSortLomuto.swift in Sources */,
				77E91BE9257F274300612041 /* Graph.swift in Sources */,
				77C3A6FC265DFB100007C9DB /* PropertyWrappers.swift in Sources */,
				77E72B8F256FD17B001B2796 /* MergeSort.swift in Sources */,
				77313EDE256F6079009C591D /* InsertionSort.swift in Sources */,
				774759FF256B8D53000B0BC4 /* BinarySearch.swift in Sources */,
				7744369E2803C43800FB6F00 /* PopUpDatePickerView.swift in Sources */,
				779440EC2567609300F042DB /* Queue.swift in Sources */,
				779440E62566987D00F042DB /* Node.swift in Sources */,
				779440E22565079500F042DB /* Helpers.swift in Sources */,
				779440CA256505D300F042DB /* SceneDelegate.swift in Sources */,
				779440F2256763CF00F042DB /* QueueLinkedList.swift in Sources */,
				779440E92566990900F042DB /* LinkedList.swift in Sources */,
				776504E22569FA8F00525BC7 /* AVLTree.swift in Sources */,
				77E91BDA257F091A00612041 /* QuicksortHoare.swift in Sources */,
			);
			runOnlyForDeploymentPostprocessing = 0;
		};
		77A14DC7256798FF0013BC28 /* Sources */ = {
			isa = PBXSourcesBuildPhase;
			buildActionMask = 2147483647;
			files = (
				77475A12256D2865000B0BC4 /* HeapTests.swift in Sources */,
				77F9A425257871C900486CF9 /* HeapSortTests.swift in Sources */,
				77E72B93256FD41D001B2796 /* MergeSortTests.swift in Sources */,
				77E91C0525806C7000612041 /* BFSTests.swift in Sources */,
				77313E52256DE5CE009C591D /* PriorityQueueTests.swift in Sources */,
				77A14DD82567990D0013BC28 /* TempletTests.swift in Sources */,
				77E72B9B25708DA2001B2796 /* RadixSortTests.swift in Sources */,
				776504EE256B610300525BC7 /* TrieTests.swift in Sources */,
				77E91BF3257F2EE500612041 /* GraphTests.swift in Sources */,
				77E9195B2579C44D00612041 /* QuickSortTests.swift in Sources */,
			);
			runOnlyForDeploymentPostprocessing = 0;
		};
/* End PBXSourcesBuildPhase section */

/* Begin PBXTargetDependency section */
		77A14DD1256798FF0013BC28 /* PBXTargetDependency */ = {
			isa = PBXTargetDependency;
			target = 779440C3256505D300F042DB /* Templet */;
			targetProxy = 77A14DD0256798FF0013BC28 /* PBXContainerItemProxy */;
		};
/* End PBXTargetDependency section */

/* Begin PBXVariantGroup section */
		779440CD256505D300F042DB /* Main.storyboard */ = {
			isa = PBXVariantGroup;
			children = (
				779440CE256505D300F042DB /* Base */,
			);
			name = Main.storyboard;
			sourceTree = "<group>";
		};
		779440D2256505D400F042DB /* LaunchScreen.storyboard */ = {
			isa = PBXVariantGroup;
			children = (
				779440D3256505D400F042DB /* Base */,
			);
			name = LaunchScreen.storyboard;
			sourceTree = "<group>";
		};
/* End PBXVariantGroup section */

/* Begin XCBuildConfiguration section */
		779440D6256505D400F042DB /* Debug */ = {
			isa = XCBuildConfiguration;
			buildSettings = {
				ALWAYS_SEARCH_USER_PATHS = NO;
				CLANG_ANALYZER_NONNULL = YES;
				CLANG_ANALYZER_NUMBER_OBJECT_CONVERSION = YES_AGGRESSIVE;
				CLANG_CXX_LANGUAGE_STANDARD = "gnu++14";
				CLANG_CXX_LIBRARY = "libc++";
				CLANG_ENABLE_MODULES = YES;
				CLANG_ENABLE_OBJC_ARC = YES;
				CLANG_ENABLE_OBJC_WEAK = YES;
				CLANG_WARN_BLOCK_CAPTURE_AUTORELEASING = YES;
				CLANG_WARN_BOOL_CONVERSION = YES;
				CLANG_WARN_COMMA = YES;
				CLANG_WARN_CONSTANT_CONVERSION = YES;
				CLANG_WARN_DEPRECATED_OBJC_IMPLEMENTATIONS = YES;
				CLANG_WARN_DIRECT_OBJC_ISA_USAGE = YES_ERROR;
				CLANG_WARN_DOCUMENTATION_COMMENTS = YES;
				CLANG_WARN_EMPTY_BODY = YES;
				CLANG_WARN_ENUM_CONVERSION = YES;
				CLANG_WARN_INFINITE_RECURSION = YES;
				CLANG_WARN_INT_CONVERSION = YES;
				CLANG_WARN_NON_LITERAL_NULL_CONVERSION = YES;
				CLANG_WARN_OBJC_IMPLICIT_RETAIN_SELF = YES;
				CLANG_WARN_OBJC_LITERAL_CONVERSION = YES;
				CLANG_WARN_OBJC_ROOT_CLASS = YES_ERROR;
				CLANG_WARN_QUOTED_INCLUDE_IN_FRAMEWORK_HEADER = YES;
				CLANG_WARN_RANGE_LOOP_ANALYSIS = YES;
				CLANG_WARN_STRICT_PROTOTYPES = YES;
				CLANG_WARN_SUSPICIOUS_MOVE = YES;
				CLANG_WARN_UNGUARDED_AVAILABILITY = YES_AGGRESSIVE;
				CLANG_WARN_UNREACHABLE_CODE = YES;
				CLANG_WARN__DUPLICATE_METHOD_MATCH = YES;
				COPY_PHASE_STRIP = NO;
				DEBUG_INFORMATION_FORMAT = dwarf;
				ENABLE_STRICT_OBJC_MSGSEND = YES;
				ENABLE_TESTABILITY = YES;
				GCC_C_LANGUAGE_STANDARD = gnu11;
				GCC_DYNAMIC_NO_PIC = NO;
				GCC_NO_COMMON_BLOCKS = YES;
				GCC_OPTIMIZATION_LEVEL = 0;
				GCC_PREPROCESSOR_DEFINITIONS = (
					"DEBUG=1",
					"$(inherited)",
				);
				GCC_WARN_64_TO_32_BIT_CONVERSION = YES;
				GCC_WARN_ABOUT_RETURN_TYPE = YES_ERROR;
				GCC_WARN_UNDECLARED_SELECTOR = YES;
				GCC_WARN_UNINITIALIZED_AUTOS = YES_AGGRESSIVE;
				GCC_WARN_UNUSED_FUNCTION = YES;
				GCC_WARN_UNUSED_VARIABLE = YES;
				IPHONEOS_DEPLOYMENT_TARGET = 14.2;
				MTL_ENABLE_DEBUG_INFO = INCLUDE_SOURCE;
				MTL_FAST_MATH = YES;
				ONLY_ACTIVE_ARCH = YES;
				SDKROOT = iphoneos;
				SWIFT_ACTIVE_COMPILATION_CONDITIONS = DEBUG;
				SWIFT_OPTIMIZATION_LEVEL = "-Onone";
			};
			name = Debug;
		};
		779440D7256505D400F042DB /* Release */ = {
			isa = XCBuildConfiguration;
			buildSettings = {
				ALWAYS_SEARCH_USER_PATHS = NO;
				CLANG_ANALYZER_NONNULL = YES;
				CLANG_ANALYZER_NUMBER_OBJECT_CONVERSION = YES_AGGRESSIVE;
				CLANG_CXX_LANGUAGE_STANDARD = "gnu++14";
				CLANG_CXX_LIBRARY = "libc++";
				CLANG_ENABLE_MODULES = YES;
				CLANG_ENABLE_OBJC_ARC = YES;
				CLANG_ENABLE_OBJC_WEAK = YES;
				CLANG_WARN_BLOCK_CAPTURE_AUTORELEASING = YES;
				CLANG_WARN_BOOL_CONVERSION = YES;
				CLANG_WARN_COMMA = YES;
				CLANG_WARN_CONSTANT_CONVERSION = YES;
				CLANG_WARN_DEPRECATED_OBJC_IMPLEMENTATIONS = YES;
				CLANG_WARN_DIRECT_OBJC_ISA_USAGE = YES_ERROR;
				CLANG_WARN_DOCUMENTATION_COMMENTS = YES;
				CLANG_WARN_EMPTY_BODY = YES;
				CLANG_WARN_ENUM_CONVERSION = YES;
				CLANG_WARN_INFINITE_RECURSION = YES;
				CLANG_WARN_INT_CONVERSION = YES;
				CLANG_WARN_NON_LITERAL_NULL_CONVERSION = YES;
				CLANG_WARN_OBJC_IMPLICIT_RETAIN_SELF = YES;
				CLANG_WARN_OBJC_LITERAL_CONVERSION = YES;
				CLANG_WARN_OBJC_ROOT_CLASS = YES_ERROR;
				CLANG_WARN_QUOTED_INCLUDE_IN_FRAMEWORK_HEADER = YES;
				CLANG_WARN_RANGE_LOOP_ANALYSIS = YES;
				CLANG_WARN_STRICT_PROTOTYPES = YES;
				CLANG_WARN_SUSPICIOUS_MOVE = YES;
				CLANG_WARN_UNGUARDED_AVAILABILITY = YES_AGGRESSIVE;
				CLANG_WARN_UNREACHABLE_CODE = YES;
				CLANG_WARN__DUPLICATE_METHOD_MATCH = YES;
				COPY_PHASE_STRIP = NO;
				DEBUG_INFORMATION_FORMAT = "dwarf-with-dsym";
				ENABLE_NS_ASSERTIONS = NO;
				ENABLE_STRICT_OBJC_MSGSEND = YES;
				GCC_C_LANGUAGE_STANDARD = gnu11;
				GCC_NO_COMMON_BLOCKS = YES;
				GCC_WARN_64_TO_32_BIT_CONVERSION = YES;
				GCC_WARN_ABOUT_RETURN_TYPE = YES_ERROR;
				GCC_WARN_UNDECLARED_SELECTOR = YES;
				GCC_WARN_UNINITIALIZED_AUTOS = YES_AGGRESSIVE;
				GCC_WARN_UNUSED_FUNCTION = YES;
				GCC_WARN_UNUSED_VARIABLE = YES;
				IPHONEOS_DEPLOYMENT_TARGET = 14.2;
				MTL_ENABLE_DEBUG_INFO = NO;
				MTL_FAST_MATH = YES;
				SDKROOT = iphoneos;
				SWIFT_COMPILATION_MODE = wholemodule;
				SWIFT_OPTIMIZATION_LEVEL = "-O";
				VALIDATE_PRODUCT = YES;
			};
			name = Release;
		};
		779440D9256505D400F042DB /* Debug */ = {
			isa = XCBuildConfiguration;
			baseConfigurationReference = D44C7EF8961DE003AD45CEB6 /* Pods-Templet.debug.xcconfig */;
			buildSettings = {
				ASSETCATALOG_COMPILER_APPICON_NAME = AppIcon;
				ASSETCATALOG_COMPILER_GLOBAL_ACCENT_COLOR_NAME = AccentColor;
				CODE_SIGN_STYLE = Automatic;
				DEVELOPMENT_TEAM = K6T6NB7VRW;
				INFOPLIST_FILE = Templet/Info.plist;
				LD_RUNPATH_SEARCH_PATHS = (
					"$(inherited)",
					"@executable_path/Frameworks",
				);
				PRODUCT_BUNDLE_IDENTIFIER = com.hzjuzhi.test;
				PRODUCT_NAME = "$(TARGET_NAME)";
				SWIFT_VERSION = 5.0;
				TARGETED_DEVICE_FAMILY = "1,2";
			};
			name = Debug;
		};
		779440DA256505D400F042DB /* Release */ = {
			isa = XCBuildConfiguration;
			baseConfigurationReference = 5475D19D02A98D4069E43B1C /* Pods-Templet.release.xcconfig */;
			buildSettings = {
				ASSETCATALOG_COMPILER_APPICON_NAME = AppIcon;
				ASSETCATALOG_COMPILER_GLOBAL_ACCENT_COLOR_NAME = AccentColor;
				CODE_SIGN_STYLE = Automatic;
				DEVELOPMENT_TEAM = K6T6NB7VRW;
				INFOPLIST_FILE = Templet/Info.plist;
				LD_RUNPATH_SEARCH_PATHS = (
					"$(inherited)",
					"@executable_path/Frameworks",
				);
				PRODUCT_BUNDLE_IDENTIFIER = com.hzjuzhi.test;
				PRODUCT_NAME = "$(TARGET_NAME)";
				SWIFT_VERSION = 5.0;
				TARGETED_DEVICE_FAMILY = "1,2";
			};
			name = Release;
		};
		77A14DD3256798FF0013BC28 /* Debug */ = {
			isa = XCBuildConfiguration;
			buildSettings = {
				BUNDLE_LOADER = "$(TEST_HOST)";
				CODE_SIGN_STYLE = Automatic;
				DEVELOPMENT_TEAM = 8LP9D6LSH6;
				INFOPLIST_FILE = TempletTests/Info.plist;
				LD_RUNPATH_SEARCH_PATHS = (
					"$(inherited)",
					"@executable_path/Frameworks",
					"@loader_path/Frameworks",
				);
				PRODUCT_BUNDLE_IDENTIFIER = com.hzjuzhi.templet.TempletTests;
				PRODUCT_NAME = "$(TARGET_NAME)";
				SWIFT_VERSION = 5.0;
				TARGETED_DEVICE_FAMILY = "1,2";
				TEST_HOST = "$(BUILT_PRODUCTS_DIR)/Templet.app/Templet";
			};
			name = Debug;
		};
		77A14DD4256798FF0013BC28 /* Release */ = {
			isa = XCBuildConfiguration;
			buildSettings = {
				BUNDLE_LOADER = "$(TEST_HOST)";
				CODE_SIGN_STYLE = Automatic;
				DEVELOPMENT_TEAM = 8LP9D6LSH6;
				INFOPLIST_FILE = TempletTests/Info.plist;
				LD_RUNPATH_SEARCH_PATHS = (
					"$(inherited)",
					"@executable_path/Frameworks",
					"@loader_path/Frameworks",
				);
				PRODUCT_BUNDLE_IDENTIFIER = com.hzjuzhi.templet.TempletTests;
				PRODUCT_NAME = "$(TARGET_NAME)";
				SWIFT_VERSION = 5.0;
				TARGETED_DEVICE_FAMILY = "1,2";
				TEST_HOST = "$(BUILT_PRODUCTS_DIR)/Templet.app/Templet";
			};
			name = Release;
		};
/* End XCBuildConfiguration section */

/* Begin XCConfigurationList section */
		779440BF256505D300F042DB /* Build configuration list for PBXProject "Templet" */ = {
			isa = XCConfigurationList;
			buildConfigurations = (
				779440D6256505D400F042DB /* Debug */,
				779440D7256505D400F042DB /* Release */,
			);
			defaultConfigurationIsVisible = 0;
			defaultConfigurationName = Release;
		};
		779440D8256505D400F042DB /* Build configuration list for PBXNativeTarget "Templet" */ = {
			isa = XCConfigurationList;
			buildConfigurations = (
				779440D9256505D400F042DB /* Debug */,
				779440DA256505D400F042DB /* Release */,
			);
			defaultConfigurationIsVisible = 0;
			defaultConfigurationName = Release;
		};
		77A14DD2256798FF0013BC28 /* Build configuration list for PBXNativeTarget "TempletTests" */ = {
			isa = XCConfigurationList;
			buildConfigurations = (
				77A14DD3256798FF0013BC28 /* Debug */,
				77A14DD4256798FF0013BC28 /* Release */,
			);
			defaultConfigurationIsVisible = 0;
			defaultConfigurationName = Release;
		};
/* End XCConfigurationList section */
	};
	rootObject = 779440BC256505D300F042DB /* Project object */;
}
